# This file is autogenerated, do not edit; changes may be undone by the next 'dep ensure'.


[[projects]]
  branch = "main"
  digest = "1:1c286130efca2775f9130a182e5218839ba4ac8574314561b878aadcd304e461"
  name = "github.com/coyim/gotk3extra"
  packages = ["."]
  pruneopts = "UT"
  revision = "b02b9c80cb04c40eb5b5fcfef8de2cef3b45ead6"

[[projects]]
  branch = "master"
  digest = "1:9b6c2679569ae754358a25633083c4bf1728d2801465576cdf8482e55774b238"
  name = "github.com/gotk3/gotk3"
  packages = [
    "cairo",
    "gdk",
    "glib",
    "gtk",
    "internal/callback",
    "internal/closure",
    "internal/slab",
    "pango",
  ]
  pruneopts = "UT"
  revision = "474ea38ab56ba00a98d7dc912ace29402c7527b9"

[solve-meta]
  analyzer-name = "dep"
  analyzer-version = 1
  input-imports = [
    "github.com/coyim/gotk3extra",
    "github.com/gotk3/gotk3/gdk",
    "github.com/gotk3/gotk3/glib",
    "github.com/gotk3/gotk3/gtk",
    "github.com/gotk3/gotk3/pango",
  ]
  solver-name = "gps-cdcl"
  solver-version = 1
