# This file is autogenerated, do not edit; changes may be undone by the next 'dep ensure'.


[[projects]]
  branch = "main"
  digest = "1:f112d7971ca3754b5a57527aeb8a7b12c75f9602d828c53fb2cb7b8792961b13"
  name = "github.com/coyim/gotk3extra"
  packages = ["."]
  pruneopts = "UT"
  revision = "fd16141e1377fa2a5f5dfa314e307dabd458a03f"

[[projects]]
  branch = "master"
  digest = "1:0f165beb6fdcf9e1ff33bee21c30f1502f533987c8df43360188ccb338f4f271"
  name = "github.com/gotk3/gotk3"
  packages = [
    "cairo",
    "gdk",
    "glib",
    "gtk",
    "internal/callback",
    "internal/closure",
    "internal/slab",
    "pango",
  ]
  pruneopts = "UT"
  revision = "beb3d8d8e677c861b09c075c3d2ff8a53e6a5f50"

[solve-meta]
  analyzer-name = "dep"
  analyzer-version = 1
  input-imports = [
    "github.com/coyim/gotk3extra",
    "github.com/gotk3/gotk3/gdk",
    "github.com/gotk3/gotk3/glib",
    "github.com/gotk3/gotk3/gtk",
    "github.com/gotk3/gotk3/pango",
  ]
  solver-name = "gps-cdcl"
  solver-version = 1
