# This file is autogenerated, do not edit; changes may be undone by the next 'dep ensure'.


[[projects]]
  branch = "main"
  digest = "1:e1dbd8109215f60fcc09af426955d8c8179f582615a3e6a4f4bd054af4b19f4d"
  name = "github.com/coyim/gotk3extra"
  packages = ["."]
  pruneopts = "UT"
  revision = "914e6201a24d59fbfa11889306b71c7ccf2a4c93"

[[projects]]
  digest = "1:ddf66fdcdb1ec703fa6316f0735dc287290f6e0123037f59972f5fe9202e09d4"
  name = "github.com/gotk3/gotk3"
  packages = [
    "cairo",
    "gdk",
    "glib",
    "gtk",
    "pango",
  ]
  pruneopts = "UT"
  revision = "f7e85ed33fd290bcfbf4ce56dcdae192647f42c1"
  version = "v0.4.0"

[solve-meta]
  analyzer-name = "dep"
  analyzer-version = 1
  input-imports = [
    "github.com/coyim/gotk3extra",
    "github.com/gotk3/gotk3/gdk",
    "github.com/gotk3/gotk3/glib",
    "github.com/gotk3/gotk3/gtk",
    "github.com/gotk3/gotk3/pango",
  ]
  solver-name = "gps-cdcl"
  solver-version = 1
